
Microsoft Visual Studio Solution File, Format Version 12.00
# Visual Studio Version 17
VisualStudioVersion = 17.4.33110.190
MinimumVisualStudioVersion = 10.0.40219.1
Project("{9A19103F-16F7-4668-BE54-9A1E7A4F7556}") = "CRUDPerson", "CRUDPerson\CRUDPerson.csproj", "{84D2E6F2-67A3-4271-9BD7-89FE6E3F77CC}"
EndProject
Global
	GlobalSection(SolutionConfigurationPlatforms) = preSolution
		Debug|Any CPU = Debug|Any CPU
		Release|Any CPU = Release|Any CPU
	EndGlobalSection
	GlobalSection(ProjectConfigurationPlatforms) = postSolution
		{84D2E6F2-67A3-4271-9BD7-89FE6E3F77CC}.Debug|Any CPU.ActiveCfg = Debug|Any CPU
		{84D2E6F2-67A3-4271-9BD7-89FE6E3F77CC}.Debug|Any CPU.Build.0 = Debug|Any CPU
		{84D2E6F2-67A3-4271-9BD7-89FE6E3F77CC}.Release|Any CPU.ActiveCfg = Release|Any CPU
		{84D2E6F2-67A3-4271-9BD7-89FE6E3F77CC}.Release|Any CPU.Build.0 = Release|Any CPU
	EndGlobalSection
	GlobalSection(SolutionProperties) = preSolution
		HideSolutionNode = FALSE
	EndGlobalSection
	GlobalSection(ExtensibilityGlobals) = postSolution
		SolutionGuid = {6B9B08CE-6653-4A44-8383-ADDE4C76DA88}
	EndGlobalSection
EndGlobal
